// !$*UTF8*$!
{
	archiveVersion = 1;
	classes = {
	};
	objectVersion = 46;
	objects = {

/* Begin PBXBuildFile section */
		C102F5F81D3BBDBE00F0A964 /* PlaySoundsViewController+Audio.swift in Sources */ = {isa = PBXBuildFile; fileRef = C102F5F71D3BBDBE00F0A964 /* PlaySoundsViewController+Audio.swift */; };
		C1B8CC941D3AB5470098F31C /* AppDelegate.swift in Sources */ = {isa = PBXBuildFile; fileRef = C1B8CC931D3AB5470098F31C /* AppDelegate.swift */; };
		C1B8CC961D3AB5470098F31C /* RecordSoundVC.swift in Sources */ = {isa = PBXBuildFile; fileRef = C1B8CC951D3AB5470098F31C /* RecordSoundVC.swift */; };
		C1B8CC991D3AB5470098F31C /* Main.storyboard in Resources */ = {isa = PBXBuildFile; fileRef = C1B8CC971D3AB5470098F31C /* Main.storyboard */; };
		C1B8CC9B1D3AB5480098F31C /* Assets.xcassets in Resources */ = {isa = PBXBuildFile; fileRef = C1B8CC9A1D3AB5480098F31C /* Assets.xcassets */; };
		C1B8CC9E1D3AB5480098F31C /* LaunchScreen.storyboard in Resources */ = {isa = PBXBuildFile; fileRef = C1B8CC9C1D3AB5480098F31C /* LaunchScreen.storyboard */; };
		C1B8CCA61D3AD0A20098F31C /* PlayRecordedAudioVC.swift in Sources */ = {isa = PBXBuildFile; fileRef = C1B8CCA51D3AD0A20098F31C /* PlayRecordedAudioVC.swift */; };
/* End PBXBuildFile section */

/* Begin PBXFileReference section */
		C102F5F71D3BBDBE00F0A964 /* PlaySoundsViewController+Audio.swift */ = {isa = PBXFileReference; fileEncoding = 4; lastKnownFileType = sourcecode.swift; path = "PlaySoundsViewController+Audio.swift"; sourceTree = "<group>"; };
		C1B8CC901D3AB5470098F31C /* Pitch Perfect.app */ = {isa = PBXFileReference; explicitFileType = wrapper.application; includeInIndex = 0; path = "Pitch Perfect.app"; sourceTree = BUILT_PRODUCTS_DIR; };
		C1B8CC931D3AB5470098F31C /* AppDelegate.swift */ = {isa = PBXFileReference; lastKnownFileType = sourcecode.swift; path = AppDelegate.swift; sourceTree = "<group>"; };
		C1B8CC951D3AB5470098F31C /* RecordSoundVC.swift */ = {isa = PBXFileReference; lastKnownFileType = sourcecode.swift; path = RecordSoundVC.swift; sourceTree = "<group>"; };
		C1B8CC981D3AB5470098F31C /* Base */ = {isa = PBXFileReference; lastKnownFileType = file.storyboard; name = Base; path = Base.lproj/Main.storyboard; sourceTree = "<group>"; };
		C1B8CC9A1D3AB5480098F31C /* Assets.xcassets */ = {isa = PBXFileReference; lastKnownFileType = folder.assetcatalog; path = Assets.xcassets; sourceTree = "<group>"; };
		C1B8CC9D1D3AB5480098F31C /* Base */ = {isa = PBXFileReference; lastKnownFileType = file.storyboard; name = Base; path = Base.lproj/LaunchScreen.storyboard; sourceTree = "<group>"; };
		C1B8CC9F1D3AB5480098F31C /* Info.plist */ = {isa = PBXFileReference; lastKnownFileType = text.plist.xml; path = Info.plist; sourceTree = "<group>"; };
		C1B8CCA51D3AD0A20098F31C /* PlayRecordedAudioVC.swift */ = {isa = PBXFileReference; fileEncoding = 4; lastKnownFileType = sourcecode.swift; path = PlayRecordedAudioVC.swift; sourceTree = "<group>"; };
/* End PBXFileReference section */

/* Begin PBXFrameworksBuildPhase section */
		C1B8CC8D1D3AB5470098F31C /* Frameworks */ = {
			isa = PBXFrameworksBuildPhase;
			buildActionMask = 2147483647;
			files = (
			);
			runOnlyForDeploymentPostprocessing = 0;
		};
/* End PBXFrameworksBuildPhase section */

/* Begin PBXGroup section */
		C1B8CC871D3AB5470098F31C = {
			isa = PBXGroup;
			children = (
				C1B8CC921D3AB5470098F31C /* Pitch Perfect */,
				C1B8CC911D3AB5470098F31C /* Products */,
			);
			sourceTree = "<group>";
		};
		C1B8CC911D3AB5470098F31C /* Products */ = {
			isa = PBXGroup;
			children = (
				C1B8CC901D3AB5470098F31C /* Pitch Perfect.app */,
			);
			name = Products;
			sourceTree = "<group>";
		};
		C1B8CC921D3AB5470098F31C /* Pitch Perfect */ = {
			isa = PBXGroup;
			children = (
				C1B8CC931D3AB5470098F31C /* AppDelegate.swift */,
				C102F5F71D3BBDBE00F0A964 /* PlaySoundsViewController+Audio.swift */,
				C1B8CC951D3AB5470098F31C /* RecordSoundVC.swift */,
				C1B8CCA51D3AD0A20098F31C /* PlayRecordedAudioVC.swift */,
				C1B8CC971D3AB5470098F31C /* Main.storyboard */,
				C1B8CC9A1D3AB5480098F31C /* Assets.xcassets */,
				C1B8CC9C1D3AB5480098F31C /* LaunchScreen.storyboard */,
				C1B8CC9F1D3AB5480098F31C /* Info.plist */,
			);
			path = "Pitch Perfect";
			sourceTree = "<group>";
		};
/* End PBXGroup section */

/* Begin PBXNativeTarget section */
		C1B8CC8F1D3AB5470098F31C /* Pitch Perfect */ = {
			isa = PBXNativeTarget;
			buildConfigurationList = C1B8CCA21D3AB5480098F31C /* Build configuration list for PBXNativeTarget "Pitch Perfect" */;
			buildPhases = (
				C1B8CC8C1D3AB5470098F31C /* Sources */,
				C1B8CC8D1D3AB5470098F31C /* Frameworks */,
				C1B8CC8E1D3AB5470098F31C /* Resources */,
			);
			buildRules = (
			);
			dependencies = (
			);
			name = "Pitch Perfect";
			productName = "Pitch Perfect";
			productReference = C1B8CC901D3AB5470098F31C /* Pitch Perfect.app */;
			productType = "com.apple.product-type.application";
		};
/* End PBXNativeTarget section */

/* Begin PBXProject section */
		C1B8CC881D3AB5470098F31C /* Project object */ = {
			isa = PBXProject;
			attributes = {
				LastSwiftUpdateCheck = 0730;
				LastUpgradeCheck = 0730;
				ORGANIZATIONNAME = "Ajay Mann";
				TargetAttributes = {
					C1B8CC8F1D3AB5470098F31C = {
						CreatedOnToolsVersion = 7.3.1;
					};
				};
			};
			buildConfigurationList = C1B8CC8B1D3AB5470098F31C /* Build configuration list for PBXProject "Pitch Perfect" */;
			compatibilityVersion = "Xcode 3.2";
			developmentRegion = English;
			hasScannedForEncodings = 0;
			knownRegions = (
				en,
				Base,
			);
			mainGroup = C1B8CC871D3AB5470098F31C;
			productRefGroup = C1B8CC911D3AB5470098F31C /* Products */;
			projectDirPath = "";
			projectRoot = "";
			targets = (
				C1B8CC8F1D3AB5470098F31C /* Pitch Perfect */,
			);
		};
/* End PBXProject section */

/* Begin PBXResourcesBuildPhase section */
		C1B8CC8E1D3AB5470098F31C /* Resources */ = {
			isa = PBXResourcesBuildPhase;
			buildActionMask = 2147483647;
			files = (
				C1B8CC9E1D3AB5480098F31C /* LaunchScreen.storyboard in Resources */,
				C1B8CC9B1D3AB5480098F31C /* Assets.xcassets in Resources */,
				C1B8CC991D3AB5470098F31C /* Main.storyboard in Resources */,
			);
			runOnlyForDeploymentPostprocessing = 0;
		};
/* End PBXResourcesBuildPhase section */

/* Begin PBXSourcesBuildPhase section */
		C1B8CC8C1D3AB5470098F31C /* Sources */ = {
			isa = PBXSourcesBuildPhase;
			buildActionMask = 2147483647;
			files = (
				C1B8CCA61D3AD0A20098F31C /* PlayRecordedAudioVC.swift in Sources */,
				C102F5F81D3BBDBE00F0A964 /* PlaySoundsViewController+Audio.swift in Sources */,
				C1B8CC961D3AB5470098F31C /* RecordSoundVC.swift in Sources */,
				C1B8CC941D3AB5470098F31C /* AppDelegate.swift in Sources */,
			);
			runOnlyForDeploymentPostprocessing = 0;
		};
/* End PBXSourcesBuildPhase section */

/* Begin PBXVariantGroup section */
		C1B8CC971D3AB5470098F31C /* Main.storyboard */ = {
			isa = PBXVariantGroup;
			children = (
				C1B8CC981D3AB5470098F31C /* Base */,
			);
			name = Main.storyboard;
			sourceTree = "<group>";
		};
		C1B8CC9C1D3AB5480098F31C /* LaunchScreen.storyboard */ = {
			isa = PBXVariantGroup;
			children = (
				C1B8CC9D1D3AB5480098F31C /* Base */,
			);
			name = LaunchScreen.storyboard;
			sourceTree = "<group>";
		};
/* End PBXVariantGroup section */

/* Begin XCBuildConfiguration section */
		C1B8CCA01D3AB5480098F31C /* Debug */ = {
			isa = XCBuildConfiguration;
			buildSettings = {
				ALWAYS_SEARCH_USER_PATHS = NO;
				CLANG_ANALYZER_NONNULL = YES;
				CLANG_CXX_LANGUAGE_STANDARD = "gnu++0x";
				CLANG_CXX_LIBRARY = "libc++";
				CLANG_ENABLE_MODULES = YES;
				CLANG_ENABLE_OBJC_ARC = YES;
				CLANG_WARN_BOOL_CONVERSION = YES;
				CLANG_WARN_CONSTANT_CONVERSION = YES;
				CLANG_WARN_DIRECT_OBJC_ISA_USAGE = YES_ERROR;
				CLANG_WARN_EMPTY_BODY = YES;
				CLANG_WARN_ENUM_CONVERSION = YES;
				CLANG_WARN_INT_CONVERSION = YES;
				CLANG_WARN_OBJC_ROOT_CLASS = YES_ERROR;
				CLANG_WARN_UNREACHABLE_CODE = YES;
				CLANG_WARN__DUPLICATE_METHOD_MATCH = YES;
				"CODE_SIGN_IDENTITY[sdk=iphoneos*]" = "iPhone Developer";
				COPY_PHASE_STRIP = NO;
				DEBUG_INFORMATION_FORMAT = dwarf;
				ENABLE_STRICT_OBJC_MSGSEND = YES;
				ENABLE_TESTABILITY = YES;
				GCC_C_LANGUAGE_STANDARD = gnu99;
				GCC_DYNAMIC_NO_PIC = NO;
				GCC_NO_COMMON_BLOCKS = YES;
				GCC_OPTIMIZATION_LEVEL = 0;
				GCC_PREPROCESSOR_DEFINITIONS = (
					"DEBUG=1",
					"$(inherited)",
				);
				GCC_WARN_64_TO_32_BIT_CONVERSION = YES;
				GCC_WARN_ABOUT_RETURN_TYPE = YES_ERROR;
				GCC_WARN_UNDECLARED_SELECTOR = YES;
				GCC_WARN_UNINITIALIZED_AUTOS = YES_AGGRESSIVE;
				GCC_WARN_UNUSED_FUNCTION = YES;
				GCC_WARN_UNUSED_VARIABLE = YES;
				IPHONEOS_DEPLOYMENT_TARGET = 9.3;
				MTL_ENABLE_DEBUG_INFO = YES;
				ONLY_ACTIVE_ARCH = YES;
				SDKROOT = iphoneos;
				SWIFT_OPTIMIZATION_LEVEL = "-Onone";
				TARGETED_DEVICE_FAMILY = "1,2";
			};
			name = Debug;
		};
		C1B8CCA11D3AB5480098F31C /* Release */ = {
			isa = XCBuildConfiguration;
			buildSettings = {
				ALWAYS_SEARCH_USER_PATHS = NO;
				CLANG_ANALYZER_NONNULL = YES;
				CLANG_CXX_LANGUAGE_STANDARD = "gnu++0x";
				CLANG_CXX_LIBRARY = "libc++";
				CLANG_ENABLE_MODULES = YES;
				CLANG_ENABLE_OBJC_ARC = YES;
				CLANG_WARN_BOOL_CONVERSION = YES;
				CLANG_WARN_CONSTANT_CONVERSION = YES;
				CLANG_WARN_DIRECT_OBJC_ISA_USAGE = YES_ERROR;
				CLANG_WARN_EMPTY_BODY = YES;
				CLANG_WARN_ENUM_CONVERSION = YES;
				CLANG_WARN_INT_CONVERSION = YES;
				CLANG_WARN_OBJC_ROOT_CLASS = YES_ERROR;
				CLANG_WARN_UNREACHABLE_CODE = YES;
				CLANG_WARN__DUPLICATE_METHOD_MATCH = YES;
				"CODE_SIGN_IDENTITY[sdk=iphoneos*]" = "iPhone Developer";
				COPY_PHASE_STRIP = NO;
				DEBUG_INFORMATION_FORMAT = "dwarf-with-dsym";
				ENABLE_NS_ASSERTIONS = NO;
				ENABLE_STRICT_OBJC_MSGSEND = YES;
				GCC_C_LANGUAGE_STANDARD = gnu99;
				GCC_NO_COMMON_BLOCKS = YES;
				GCC_WARN_64_TO_32_BIT_CONVERSION = YES;
				GCC_WARN_ABOUT_RETURN_TYPE = YES_ERROR;
				GCC_WARN_UNDECLARED_SELECTOR = YES;
				GCC_WARN_UNINITIALIZED_AUTOS = YES_AGGRESSIVE;
				GCC_WARN_UNUSED_FUNCTION = YES;
				GCC_WARN_UNUSED_VARIABLE = YES;
				IPHONEOS_DEPLOYMENT_TARGET = 9.3;
				MTL_ENABLE_DEBUG_INFO = NO;
				SDKROOT = iphoneos;
				TARGETED_DEVICE_FAMILY = "1,2";
				VALIDATE_PRODUCT = YES;
			};
			name = Release;
		};
		C1B8CCA31D3AB5480098F31C /* Debug */ = {
			isa = XCBuildConfiguration;
			buildSettings = {
				ASSETCATALOG_COMPILER_APPICON_NAME = AppIcon;
				INFOPLIST_FILE = "Pitch Perfect/Info.plist";
				LD_RUNPATH_SEARCH_PATHS = "$(inherited) @executable_path/Frameworks";
				PRODUCT_BUNDLE_IDENTIFIER = "com.ajay.Pitch-Perfect";
				PRODUCT_NAME = "$(TARGET_NAME)";
			};
			name = Debug;
		};
		C1B8CCA41D3AB5480098F31C /* Release */ = {
			isa = XCBuildConfiguration;
			buildSettings = {
				ASSETCATALOG_COMPILER_APPICON_NAME = AppIcon;
				INFOPLIST_FILE = "Pitch Perfect/Info.plist";
				LD_RUNPATH_SEARCH_PATHS = "$(inherited) @executable_path/Frameworks";
				PRODUCT_BUNDLE_IDENTIFIER = "com.ajay.Pitch-Perfect";
				PRODUCT_NAME = "$(TARGET_NAME)";
			};
			name = Release;
		};
/* End XCBuildConfiguration section */

/* Begin XCConfigurationList section */
		C1B8CC8B1D3AB5470098F31C /* Build configuration list for PBXProject "Pitch Perfect" */ = {
			isa = XCConfigurationList;
			buildConfigurations = (
				C1B8CCA01D3AB5480098F31C /* Debug */,
				C1B8CCA11D3AB5480098F31C /* Release */,
			);
			defaultConfigurationIsVisible = 0;
			defaultConfigurationName = Release;
		};
		C1B8CCA21D3AB5480098F31C /* Build configuration list for PBXNativeTarget "Pitch Perfect" */ = {
			isa = XCConfigurationList;
			buildConfigurations = (
				C1B8CCA31D3AB5480098F31C /* Debug */,
				C1B8CCA41D3AB5480098F31C /* Release */,
			);
			defaultConfigurationIsVisible = 0;
			defaultConfigurationName = Release;
		};
/* End XCConfigurationList section */
	};
	rootObject = C1B8CC881D3AB5470098F31C /* Project object */;
}
